
Microsoft Visual Studio Solution File, Format Version 12.00
# Visual Studio Version 17
VisualStudioVersion = 17.5.33424.131
MinimumVisualStudioVersion = 10.0.40219.1
Project("{9A19103F-16F7-4668-BE54-9A1E7A4F7556}") = "BlazorFormExample", "BlazorFormExample\BlazorFormExample.csproj", "{B0D22DD5-6CC5-480E-82B8-E8361B7B8E0D}"
EndProject
Global
	GlobalSection(SolutionConfigurationPlatforms) = preSolution
		Debug|Any CPU = Debug|Any CPU
		Release|Any CPU = Release|Any CPU
	EndGlobalSection
	GlobalSection(ProjectConfigurationPlatforms) = postSolution
		{B0D22DD5-6CC5-480E-82B8-E8361B7B8E0D}.Debug|Any CPU.ActiveCfg = Debug|Any CPU
		{B0D22DD5-6CC5-480E-82B8-E8361B7B8E0D}.Debug|Any CPU.Build.0 = Debug|Any CPU
		{B0D22DD5-6CC5-480E-82B8-E8361B7B8E0D}.Release|Any CPU.ActiveCfg = Release|Any CPU
		{B0D22DD5-6CC5-480E-82B8-E8361B7B8E0D}.Release|Any CPU.Build.0 = Release|Any CPU
	EndGlobalSection
	GlobalSection(SolutionProperties) = preSolution
		HideSolutionNode = FALSE
	EndGlobalSection
	GlobalSection(ExtensibilityGlobals) = postSolution
		SolutionGuid = {B71DCE00-2AA9-42F6-A213-F5C72C34D8E3}
	EndGlobalSection
EndGlobal
